
Microsoft Visual Studio Solution File, Format Version 12.00
# Visual Studio Version 16
VisualStudioVersion = 16.0.32106.194
MinimumVisualStudioVersion = 10.0.40219.1
Project("{FAE04EC0-301F-11D3-BF4B-00C04F79EFBC}") = "Sudoku", "Altelier 2\Sudoku.csproj", "{28F729CE-F96C-4CA0-B58F-4D6C818F1FB3}"
EndProject
Global
	GlobalSection(SolutionConfigurationPlatforms) = preSolution
		Debug|Any CPU = Debug|Any CPU
		Release|Any CPU = Release|Any CPU
	EndGlobalSection
	GlobalSection(ProjectConfigurationPlatforms) = postSolution
		{28F729CE-F96C-4CA0-B58F-4D6C818F1FB3}.Debug|Any CPU.ActiveCfg = Debug|Any CPU
		{28F729CE-F96C-4CA0-B58F-4D6C818F1FB3}.Debug|Any CPU.Build.0 = Debug|Any CPU
		{28F729CE-F96C-4CA0-B58F-4D6C818F1FB3}.Release|Any CPU.ActiveCfg = Release|Any CPU
		{28F729CE-F96C-4CA0-B58F-4D6C818F1FB3}.Release|Any CPU.Build.0 = Release|Any CPU
	EndGlobalSection
	GlobalSection(SolutionProperties) = preSolution
		HideSolutionNode = FALSE
	EndGlobalSection
	GlobalSection(ExtensibilityGlobals) = postSolution
		SolutionGuid = {B16791F2-19B1-44CE-AE81-22A854D3DF21}
	EndGlobalSection
EndGlobal
